
Microsoft Visual Studio Solution File, Format Version 12.00
# Visual Studio 2013
VisualStudioVersion = 12.0.40629.0
MinimumVisualStudioVersion = 10.0.40219.1
Project("{FAE04EC0-301F-11D3-BF4B-00C04F79EFBC}") = "WeatherService.Provider", "WeatherService\WeatherService.Provider.csproj", "{A613EB45-65B6-4E7F-B578-E0F493514C1F}"
EndProject
Project("{FAE04EC0-301F-11D3-BF4B-00C04F79EFBC}") = "WeatherService.Provider.Tests", "WeatherService.Provider.Tests\WeatherService.Provider.Tests.csproj", "{D944398B-FB73-412C-B95F-672063474CE4}"
EndProject
Project("{FAE04EC0-301F-11D3-BF4B-00C04F79EFBC}") = "WeatherService.Web", "WeatherService.Web\WeatherService.Web.csproj", "{05FBA784-E38C-4DD7-9662-E9BEA6D6ED0E}"
EndProject
Project("{FAE04EC0-301F-11D3-BF4B-00C04F79EFBC}") = "WeatherService.Web.Tests", "WeatherService.Web.Tests\WeatherService.Web.Tests.csproj", "{1F6F54D6-1D91-45A0-9D19-44368A828632}"
EndProject
Global
	GlobalSection(SolutionConfigurationPlatforms) = preSolution
		Debug|Any CPU = Debug|Any CPU
		Release|Any CPU = Release|Any CPU
	EndGlobalSection
	GlobalSection(ProjectConfigurationPlatforms) = postSolution
		{A613EB45-65B6-4E7F-B578-E0F493514C1F}.Debug|Any CPU.ActiveCfg = Debug|Any CPU
		{A613EB45-65B6-4E7F-B578-E0F493514C1F}.Debug|Any CPU.Build.0 = Debug|Any CPU
		{A613EB45-65B6-4E7F-B578-E0F493514C1F}.Release|Any CPU.ActiveCfg = Release|Any CPU
		{A613EB45-65B6-4E7F-B578-E0F493514C1F}.Release|Any CPU.Build.0 = Release|Any CPU
		{D944398B-FB73-412C-B95F-672063474CE4}.Debug|Any CPU.ActiveCfg = Debug|Any CPU
		{D944398B-FB73-412C-B95F-672063474CE4}.Debug|Any CPU.Build.0 = Debug|Any CPU
		{D944398B-FB73-412C-B95F-672063474CE4}.Release|Any CPU.ActiveCfg = Release|Any CPU
		{D944398B-FB73-412C-B95F-672063474CE4}.Release|Any CPU.Build.0 = Release|Any CPU
		{05FBA784-E38C-4DD7-9662-E9BEA6D6ED0E}.Debug|Any CPU.ActiveCfg = Debug|Any CPU
		{05FBA784-E38C-4DD7-9662-E9BEA6D6ED0E}.Debug|Any CPU.Build.0 = Debug|Any CPU
		{05FBA784-E38C-4DD7-9662-E9BEA6D6ED0E}.Release|Any CPU.ActiveCfg = Release|Any CPU
		{05FBA784-E38C-4DD7-9662-E9BEA6D6ED0E}.Release|Any CPU.Build.0 = Release|Any CPU
		{1F6F54D6-1D91-45A0-9D19-44368A828632}.Debug|Any CPU.ActiveCfg = Debug|Any CPU
		{1F6F54D6-1D91-45A0-9D19-44368A828632}.Debug|Any CPU.Build.0 = Debug|Any CPU
		{1F6F54D6-1D91-45A0-9D19-44368A828632}.Release|Any CPU.ActiveCfg = Release|Any CPU
		{1F6F54D6-1D91-45A0-9D19-44368A828632}.Release|Any CPU.Build.0 = Release|Any CPU
	EndGlobalSection
	GlobalSection(SolutionProperties) = preSolution
		HideSolutionNode = FALSE
	EndGlobalSection
EndGlobal
